<?xml version="1.0" encoding="utf-8"?>
<Project ToolsVersion="4.0" xmlns="http://schemas.microsoft.com/developer/msbuild/2003">
  <ItemGroup>
    <Filter Include="Pliki źródłowe">
      <UniqueIdentifier>{4FC737F1-C7A5-4376-A066-2A32D752A2FF}</UniqueIdentifier>
      <Extensions>cpp;c;cc;cxx;c++;cppm;ixx;def;odl;idl;hpj;bat;asm;asmx</Extensions>
    </Filter>
    <Filter Include="Pliki nagłówkowe">
      <UniqueIdentifier>{93995380-89BD-4b04-88EB-625FBE52EBFB}</UniqueIdentifier>
      <Extensions>h;hh;hpp;hxx;h++;hm;inl;inc;ipp;xsd</Extensions>
    </Filter>
    <Filter Include="Pliki zasobów">
      <UniqueIdentifier>{67DA6AB6-F800-4c08-8B7A-83BB121AAD01}</UniqueIdentifier>
      <Extensions>rc;ico;cur;bmp;dlg;rc2;rct;bin;rgs;gif;jpg;jpeg;jpe;resx;tiff;tif;png;wav;mfcribbon-ms</Extensions>
    </Filter>
    <Filter Include="Pliki zasobów\Shaders">
      <UniqueIdentifier>{497b5df1-17bf-4145-9881-f2883b421c52}</UniqueIdentifier>
    </Filter>
    <Filter Include="Pliki zasobów\Textures">
      <UniqueIdentifier>{f85f3ba0-4f45-4d06-9030-b0c73c357785}</UniqueIdentifier>
    </Filter>
    <Filter Include="Pliki źródłowe\opengl">
      <UniqueIdentifier>{28053dea-a6f3-45d6-8ff2-259256682558}</UniqueIdentifier>
    </Filter>
    <Filter Include="Pliki nagłówkowe\opengl">
      <UniqueIdentifier>{85a03b41-a222-4eac-a36d-78975c6a467b}</UniqueIdentifier>
    </Filter>
    <Filter Include="Pliki nagłówkowe\opengl\buffers">
      <UniqueIdentifier>{9b90eaeb-ea35-4b40-a3e0-e3d0ea32295d}</UniqueIdentifier>
    </Filter>
    <Filter Include="Pliki źródłowe\game">
      <UniqueIdentifier>{9772cbb0-9f0d-4c21-8f01-73956f92315c}</UniqueIdentifier>
    </Filter>
    <Filter Include="Pliki nagłówkowe\game">
      <UniqueIdentifier>{d1d4eba3-6340-42d3-b77c-ddd7e2672951}</UniqueIdentifier>
    </Filter>
  </ItemGroup>
  <ItemGroup>
    <ClCompile Include="main.cpp">
      <Filter>Pliki źródłowe</Filter>
    </ClCompile>
    <ClCompile Include="vao.h">
      <Filter>Pliki nagłówkowe\opengl\buffers</Filter>
    </ClCompile>
    <ClCompile Include="camera.cpp">
      <Filter>Pliki źródłowe\opengl</Filter>
    </ClCompile>
    <ClCompile Include="ebo.cpp">
      <Filter>Pliki źródłowe\opengl</Filter>
    </ClCompile>
    <ClCompile Include="mesh.cpp">
      <Filter>Pliki źródłowe\opengl</Filter>
    </ClCompile>
    <ClCompile Include="model.cpp">
      <Filter>Pliki źródłowe\opengl</Filter>
    </ClCompile>
    <ClCompile Include="shaders.cpp">
      <Filter>Pliki źródłowe\opengl</Filter>
    </ClCompile>
    <ClCompile Include="stb.cpp">
      <Filter>Pliki źródłowe\opengl</Filter>
    </ClCompile>
    <ClCompile Include="textures.cpp">
      <Filter>Pliki źródłowe\opengl</Filter>
    </ClCompile>
    <ClCompile Include="vao.cpp">
      <Filter>Pliki źródłowe\opengl</Filter>
    </ClCompile>
    <ClCompile Include="vbo.cpp">
      <Filter>Pliki źródłowe\opengl</Filter>
    </ClCompile>
    <ClCompile Include="glad.c">
      <Filter>Pliki źródłowe\opengl</Filter>
    </ClCompile>
    <ClCompile Include="board.cpp">
      <Filter>Pliki źródłowe\game</Filter>
    </ClCompile>
    <ClCompile Include="object.cpp">
      <Filter>Pliki źródłowe\game</Filter>
    </ClCompile>
    <ClCompile Include="import.cpp">
      <Filter>Pliki źródłowe\opengl</Filter>
    </ClCompile>
  </ItemGroup>
  <ItemGroup>
    <None Include="default.vert">
      <Filter>Pliki zasobów\Shaders</Filter>
    </None>
    <None Include="default.frag">
      <Filter>Pliki zasobów\Shaders</Filter>
    </None>
    <None Include="light.vert">
      <Filter>Pliki zasobów\Shaders</Filter>
    </None>
    <None Include="light.frag">
      <Filter>Pliki zasobów\Shaders</Filter>
    </None>
  </ItemGroup>
  <ItemGroup>
    <ClInclude Include="vbo.h">
      <Filter>Pliki nagłówkowe\opengl\buffers</Filter>
    </ClInclude>
    <ClInclude Include="ebo.h">
      <Filter>Pliki nagłówkowe\opengl\buffers</Filter>
    </ClInclude>
    <ClInclude Include="camera.h">
      <Filter>Pliki nagłówkowe\opengl</Filter>
    </ClInclude>
    <ClInclude Include="mesh.h">
      <Filter>Pliki nagłówkowe\opengl</Filter>
    </ClInclude>
    <ClInclude Include="model.h">
      <Filter>Pliki nagłówkowe\opengl</Filter>
    </ClInclude>
    <ClInclude Include="shaders.h">
      <Filter>Pliki nagłówkowe\opengl</Filter>
    </ClInclude>
    <ClInclude Include="textures.h">
      <Filter>Pliki nagłówkowe\opengl</Filter>
    </ClInclude>
    <ClInclude Include="board.h">
      <Filter>Pliki nagłówkowe\game</Filter>
    </ClInclude>
    <ClInclude Include="object.h">
      <Filter>Pliki nagłówkowe\game</Filter>
    </ClInclude>
    <ClInclude Include="import.h">
      <Filter>Pliki nagłówkowe\game</Filter>
    </ClInclude>
  </ItemGroup>
  <ItemGroup>
    <Image Include="..\..\..\..\..\..\..\Downloads\arty\test.png">
      <Filter>Pliki zasobów\Textures</Filter>
    </Image>
    <Image Include="flop.png">
      <Filter>Pliki zasobów\Textures</Filter>
    </Image>
    <Image Include="..\..\..\..\..\..\..\Downloads\arty\planksSpec.png">
      <Filter>Pliki zasobów\Textures</Filter>
    </Image>
    <Image Include="..\..\..\..\..\..\..\Downloads\arty\planks.png">
      <Filter>Pliki zasobów\Textures</Filter>
    </Image>
  </ItemGroup>
</Project>